github.com/larspensjo/config v0.0.0-20160228172812-b6db95dc6321 h1:HuvFF+bNfti7Q3taQTLox7YntC2IzUzM8pn2zyRTn98=
github.com/larspensjo/config v0.0.0-20160228172812-b6db95dc6321/go.mod h1:2tvhHYSOp38Gz/nhlXdCBepDFHG1/GCI0nuk4Dv9EyM=
github.com/redochen/log4go v0.0.0-20230610094231-26e5aea03007 h1:B0FpklPsJ3mpZ+gVAq2seyS5L028b3ozIiXiks7k80g=
github.com/redochen/log4go v0.0.0-20230610094231-26e5aea03007/go.mod h1:pmcwjImqqsREmHgW39rCgcbG/oKqygoo3gFlA+moCMU=
github.com/toolkits/file v0.0.0-20160325033739-a5b3c5147e07 h1:d/VUIMNTk65Xz69htmRPNfjypq2uNRqVsymcXQu6kKk=
github.com/toolkits/file v0.0.0-20160325033739-a5b3c5147e07/go.mod h1:FbXpUxsx5in7z/OrWFDdhYetOy3/VGIJsVHN9G7RUPA=
gopkg.in/eapache/queue.v1 v1.1.0 h1:EldqoJEGtXYiVCMRo2C9mePO2UUGnYn2+qLmlQSqPdc=
gopkg.in/eapache/queue.v1 v1.1.0/go.mod h1:wNtmx1/O7kZSR9zNT1TTOJ7GLpm3Vn7srzlfylFbQwU=
